// !$*UTF8*$!
{
	archiveVersion = 1;
	classes = {
	};
	objectVersion = 56;
	objects = {

/* Begin PBXBuildFile section */
		243306402C09215600709584 /* GetBistResponse.swift in Sources */ = {isa = PBXBuildFile; fileRef = 2433063F2C09215600709584 /* GetBistResponse.swift */; };
		243306432C0929C700709584 /* Kingfisher in Frameworks */ = {isa = PBXBuildFile; productRef = 243306422C0929C700709584 /* Kingfisher */; };
		243306452C092EB900709584 /* HomeRouter.swift in Sources */ = {isa = PBXBuildFile; fileRef = 243306442C092EB900709584 /* HomeRouter.swift */; };
		243306472C09348400709584 /* DetailBuilder.swift in Sources */ = {isa = PBXBuildFile; fileRef = 243306462C09348400709584 /* DetailBuilder.swift */; };
		24338D372C07C32600AF5610 /* AppDelegate.swift in Sources */ = {isa = PBXBuildFile; fileRef = 24338D362C07C32600AF5610 /* AppDelegate.swift */; };
		24338D392C07C32600AF5610 /* SceneDelegate.swift in Sources */ = {isa = PBXBuildFile; fileRef = 24338D382C07C32600AF5610 /* SceneDelegate.swift */; };
		24338D402C07C33900AF5610 /* Assets.xcassets in Resources */ = {isa = PBXBuildFile; fileRef = 24338D3F2C07C33900AF5610 /* Assets.xcassets */; };
		24338D432C07C33900AF5610 /* Base in Resources */ = {isa = PBXBuildFile; fileRef = 24338D422C07C33900AF5610 /* Base */; };
		24338D4E2C07C33C00AF5610 /* AlbYatirimTests.swift in Sources */ = {isa = PBXBuildFile; fileRef = 24338D4D2C07C33C00AF5610 /* AlbYatirimTests.swift */; };
		24338D582C07C33D00AF5610 /* AlbYatirimUITests.swift in Sources */ = {isa = PBXBuildFile; fileRef = 24338D572C07C33D00AF5610 /* AlbYatirimUITests.swift */; };
		24338D5A2C07C33E00AF5610 /* AlbYatirimUITestsLaunchTests.swift in Sources */ = {isa = PBXBuildFile; fileRef = 24338D592C07C33E00AF5610 /* AlbYatirimUITestsLaunchTests.swift */; };
		24870A212C07FCBE00A6A897 /* HomeViewController.swift in Sources */ = {isa = PBXBuildFile; fileRef = 24870A202C07FCBE00A6A897 /* HomeViewController.swift */; };
		24870A232C07FCCE00A6A897 /* HomeViewModel.swift in Sources */ = {isa = PBXBuildFile; fileRef = 24870A222C07FCCE00A6A897 /* HomeViewModel.swift */; };
		24870A262C07FCEF00A6A897 /* DetailViewController.swift in Sources */ = {isa = PBXBuildFile; fileRef = 24870A252C07FCEF00A6A897 /* DetailViewController.swift */; };
		24870A282C07FCF500A6A897 /* DetailViewModel.swift in Sources */ = {isa = PBXBuildFile; fileRef = 24870A272C07FCF500A6A897 /* DetailViewModel.swift */; };
		24870A2C2C07FD3100A6A897 /* Endpoint.swift in Sources */ = {isa = PBXBuildFile; fileRef = 24870A2B2C07FD3100A6A897 /* Endpoint.swift */; };
		24870A2E2C07FD8500A6A897 /* ServiceRouter.swift in Sources */ = {isa = PBXBuildFile; fileRef = 24870A2D2C07FD8500A6A897 /* ServiceRouter.swift */; };
		24870A302C07FD9000A6A897 /* Service.swift in Sources */ = {isa = PBXBuildFile; fileRef = 24870A2F2C07FD9000A6A897 /* Service.swift */; };
		24870A3D2C08032E00A6A897 /* HomeBuilder.swift in Sources */ = {isa = PBXBuildFile; fileRef = 24870A3C2C08032E00A6A897 /* HomeBuilder.swift */; };
		24870A402C08035100A6A897 /* ViewBuilder.swift in Sources */ = {isa = PBXBuildFile; fileRef = 24870A3F2C08035100A6A897 /* ViewBuilder.swift */; };
		24870A472C0807DE00A6A897 /* Alamofire in Frameworks */ = {isa = PBXBuildFile; productRef = 24870A462C0807DE00A6A897 /* Alamofire */; };
		24870A4B2C08097400A6A897 /* ServiceRequest.swift in Sources */ = {isa = PBXBuildFile; fileRef = 24870A4A2C08097400A6A897 /* ServiceRequest.swift */; };
		24870A4F2C08105700A6A897 /* ServiceResult.swift in Sources */ = {isa = PBXBuildFile; fileRef = 24870A4E2C08105700A6A897 /* ServiceResult.swift */; };
		24870A512C08149200A6A897 /* ServiceError.swift in Sources */ = {isa = PBXBuildFile; fileRef = 24870A502C08149200A6A897 /* ServiceError.swift */; };
		24870A542C08892900A6A897 /* SectorListTableViewCell.swift in Sources */ = {isa = PBXBuildFile; fileRef = 24870A532C08892900A6A897 /* SectorListTableViewCell.swift */; };
		24870A562C08944600A6A897 /* SectorListTableViewCellHeader.swift in Sources */ = {isa = PBXBuildFile; fileRef = 24870A552C08944600A6A897 /* SectorListTableViewCellHeader.swift */; };
		24870A6B2C08A72800A6A897 /* Poppins-BoldItalic.ttf in Resources */ = {isa = PBXBuildFile; fileRef = 24870A592C08A72700A6A897 /* Poppins-BoldItalic.ttf */; };
		24870A6C2C08A72800A6A897 /* Poppins-Italic.ttf in Resources */ = {isa = PBXBuildFile; fileRef = 24870A5A2C08A72700A6A897 /* Poppins-Italic.ttf */; };
		24870A6D2C08A72800A6A897 /* Poppins-SemiBold.ttf in Resources */ = {isa = PBXBuildFile; fileRef = 24870A5B2C08A72700A6A897 /* Poppins-SemiBold.ttf */; };
		24870A6E2C08A72800A6A897 /* Poppins-Regular.ttf in Resources */ = {isa = PBXBuildFile; fileRef = 24870A5C2C08A72700A6A897 /* Poppins-Regular.ttf */; };
		24870A6F2C08A72800A6A897 /* Poppins-ExtraBold.ttf in Resources */ = {isa = PBXBuildFile; fileRef = 24870A5D2C08A72700A6A897 /* Poppins-ExtraBold.ttf */; };
		24870A702C08A72800A6A897 /* Poppins-Thin.ttf in Resources */ = {isa = PBXBuildFile; fileRef = 24870A5E2C08A72700A6A897 /* Poppins-Thin.ttf */; };
		24870A712C08A72800A6A897 /* Poppins-MediumItalic.ttf in Resources */ = {isa = PBXBuildFile; fileRef = 24870A5F2C08A72700A6A897 /* Poppins-MediumItalic.ttf */; };
		24870A722C08A72800A6A897 /* Poppins-ExtraLightItalic.ttf in Resources */ = {isa = PBXBuildFile; fileRef = 24870A602C08A72700A6A897 /* Poppins-ExtraLightItalic.ttf */; };
		24870A732C08A72800A6A897 /* Poppins-BlackItalic.ttf in Resources */ = {isa = PBXBuildFile; fileRef = 24870A612C08A72700A6A897 /* Poppins-BlackItalic.ttf */; };
		24870A742C08A72800A6A897 /* Poppins-Medium.ttf in Resources */ = {isa = PBXBuildFile; fileRef = 24870A622C08A72700A6A897 /* Poppins-Medium.ttf */; };
		24870A752C08A72800A6A897 /* Poppins-Light.ttf in Resources */ = {isa = PBXBuildFile; fileRef = 24870A632C08A72800A6A897 /* Poppins-Light.ttf */; };
		24870A762C08A72800A6A897 /* Poppins-SemiBoldItalic.ttf in Resources */ = {isa = PBXBuildFile; fileRef = 24870A642C08A72800A6A897 /* Poppins-SemiBoldItalic.ttf */; };
		24870A772C08A72800A6A897 /* Poppins-ThinItalic.ttf in Resources */ = {isa = PBXBuildFile; fileRef = 24870A652C08A72800A6A897 /* Poppins-ThinItalic.ttf */; };
		24870A782C08A72800A6A897 /* Poppins-LightItalic.ttf in Resources */ = {isa = PBXBuildFile; fileRef = 24870A662C08A72800A6A897 /* Poppins-LightItalic.ttf */; };
		24870A792C08A72800A6A897 /* Poppins-ExtraBoldItalic.ttf in Resources */ = {isa = PBXBuildFile; fileRef = 24870A672C08A72800A6A897 /* Poppins-ExtraBoldItalic.ttf */; };
		24870A7A2C08A72800A6A897 /* Poppins-Bold.ttf in Resources */ = {isa = PBXBuildFile; fileRef = 24870A682C08A72800A6A897 /* Poppins-Bold.ttf */; };
		24870A7B2C08A72800A6A897 /* Poppins-Black.ttf in Resources */ = {isa = PBXBuildFile; fileRef = 24870A692C08A72800A6A897 /* Poppins-Black.ttf */; };
		24870A7C2C08A72800A6A897 /* Poppins-ExtraLight.ttf in Resources */ = {isa = PBXBuildFile; fileRef = 24870A6A2C08A72800A6A897 /* Poppins-ExtraLight.ttf */; };
		24870A7F2C08A75900A6A897 /* UFont+Extension.swift in Sources */ = {isa = PBXBuildFile; fileRef = 24870A7E2C08A75900A6A897 /* UFont+Extension.swift */; };
		24870A8F2C08AA8300A6A897 /* Satoshi-Bold.otf in Resources */ = {isa = PBXBuildFile; fileRef = 24870A852C08AA8200A6A897 /* Satoshi-Bold.otf */; };
		24870A902C08AA8300A6A897 /* Satoshi-MediumItalic.otf in Resources */ = {isa = PBXBuildFile; fileRef = 24870A862C08AA8200A6A897 /* Satoshi-MediumItalic.otf */; };
		24870A912C08AA8300A6A897 /* Satoshi-Medium.otf in Resources */ = {isa = PBXBuildFile; fileRef = 24870A872C08AA8200A6A897 /* Satoshi-Medium.otf */; };
		24870A922C08AA8300A6A897 /* Satoshi-Light.otf in Resources */ = {isa = PBXBuildFile; fileRef = 24870A882C08AA8200A6A897 /* Satoshi-Light.otf */; };
		24870A932C08AA8300A6A897 /* Satoshi-BlackItalic.otf in Resources */ = {isa = PBXBuildFile; fileRef = 24870A892C08AA8200A6A897 /* Satoshi-BlackItalic.otf */; };
		24870A942C08AA8300A6A897 /* Satoshi-BoldItalic.otf in Resources */ = {isa = PBXBuildFile; fileRef = 24870A8A2C08AA8200A6A897 /* Satoshi-BoldItalic.otf */; };
		24870A952C08AA8300A6A897 /* Satoshi-Italic.otf in Resources */ = {isa = PBXBuildFile; fileRef = 24870A8B2C08AA8200A6A897 /* Satoshi-Italic.otf */; };
		24870A962C08AA8300A6A897 /* Satoshi-Black.otf in Resources */ = {isa = PBXBuildFile; fileRef = 24870A8C2C08AA8200A6A897 /* Satoshi-Black.otf */; };
		24870A972C08AA8300A6A897 /* Satoshi-LightItalic.otf in Resources */ = {isa = PBXBuildFile; fileRef = 24870A8D2C08AA8300A6A897 /* Satoshi-LightItalic.otf */; };
		24870A982C08AA8300A6A897 /* Satoshi-Regular.otf in Resources */ = {isa = PBXBuildFile; fileRef = 24870A8E2C08AA8300A6A897 /* Satoshi-Regular.otf */; };
/* End PBXBuildFile section */

/* Begin PBXContainerItemProxy section */
		24338D4A2C07C33B00AF5610 /* PBXContainerItemProxy */ = {
			isa = PBXContainerItemProxy;
			containerPortal = 24338D2B2C07C32400AF5610 /* Project object */;
			proxyType = 1;
			remoteGlobalIDString = 24338D322C07C32500AF5610;
			remoteInfo = AlbYatirim;
		};
		24338D542C07C33C00AF5610 /* PBXContainerItemProxy */ = {
			isa = PBXContainerItemProxy;
			containerPortal = 24338D2B2C07C32400AF5610 /* Project object */;
			proxyType = 1;
			remoteGlobalIDString = 24338D322C07C32500AF5610;
			remoteInfo = AlbYatirim;
		};
/* End PBXContainerItemProxy section */

/* Begin PBXFileReference section */
		2433063F2C09215600709584 /* GetBistResponse.swift */ = {isa = PBXFileReference; lastKnownFileType = sourcecode.swift; path = GetBistResponse.swift; sourceTree = "<group>"; };
		243306442C092EB900709584 /* HomeRouter.swift */ = {isa = PBXFileReference; lastKnownFileType = sourcecode.swift; path = HomeRouter.swift; sourceTree = "<group>"; };
		243306462C09348400709584 /* DetailBuilder.swift */ = {isa = PBXFileReference; lastKnownFileType = sourcecode.swift; path = DetailBuilder.swift; sourceTree = "<group>"; };
		24338D332C07C32500AF5610 /* AlbYatirim.app */ = {isa = PBXFileReference; explicitFileType = wrapper.application; includeInIndex = 0; path = AlbYatirim.app; sourceTree = BUILT_PRODUCTS_DIR; };
		24338D362C07C32600AF5610 /* AppDelegate.swift */ = {isa = PBXFileReference; lastKnownFileType = sourcecode.swift; path = AppDelegate.swift; sourceTree = "<group>"; };
		24338D382C07C32600AF5610 /* SceneDelegate.swift */ = {isa = PBXFileReference; lastKnownFileType = sourcecode.swift; path = SceneDelegate.swift; sourceTree = "<group>"; };
		24338D3F2C07C33900AF5610 /* Assets.xcassets */ = {isa = PBXFileReference; lastKnownFileType = folder.assetcatalog; path = Assets.xcassets; sourceTree = "<group>"; };
		24338D422C07C33900AF5610 /* Base */ = {isa = PBXFileReference; lastKnownFileType = file.storyboard; name = Base; path = Base.lproj/LaunchScreen.storyboard; sourceTree = "<group>"; };
		24338D442C07C33A00AF5610 /* Info.plist */ = {isa = PBXFileReference; lastKnownFileType = text.plist.xml; path = Info.plist; sourceTree = "<group>"; };
		24338D492C07C33B00AF5610 /* AlbYatirimTests.xctest */ = {isa = PBXFileReference; explicitFileType = wrapper.cfbundle; includeInIndex = 0; path = AlbYatirimTests.xctest; sourceTree = BUILT_PRODUCTS_DIR; };
		24338D4D2C07C33C00AF5610 /* AlbYatirimTests.swift */ = {isa = PBXFileReference; lastKnownFileType = sourcecode.swift; path = AlbYatirimTests.swift; sourceTree = "<group>"; };
		24338D532C07C33C00AF5610 /* AlbYatirimUITests.xctest */ = {isa = PBXFileReference; explicitFileType = wrapper.cfbundle; includeInIndex = 0; path = AlbYatirimUITests.xctest; sourceTree = BUILT_PRODUCTS_DIR; };
		24338D572C07C33D00AF5610 /* AlbYatirimUITests.swift */ = {isa = PBXFileReference; lastKnownFileType = sourcecode.swift; path = AlbYatirimUITests.swift; sourceTree = "<group>"; };
		24338D592C07C33E00AF5610 /* AlbYatirimUITestsLaunchTests.swift */ = {isa = PBXFileReference; lastKnownFileType = sourcecode.swift; path = AlbYatirimUITestsLaunchTests.swift; sourceTree = "<group>"; };
		24870A202C07FCBE00A6A897 /* HomeViewController.swift */ = {isa = PBXFileReference; lastKnownFileType = sourcecode.swift; path = HomeViewController.swift; sourceTree = "<group>"; };
		24870A222C07FCCE00A6A897 /* HomeViewModel.swift */ = {isa = PBXFileReference; lastKnownFileType = sourcecode.swift; path = HomeViewModel.swift; sourceTree = "<group>"; };
		24870A252C07FCEF00A6A897 /* DetailViewController.swift */ = {isa = PBXFileReference; lastKnownFileType = sourcecode.swift; path = DetailViewController.swift; sourceTree = "<group>"; };
		24870A272C07FCF500A6A897 /* DetailViewModel.swift */ = {isa = PBXFileReference; lastKnownFileType = sourcecode.swift; path = DetailViewModel.swift; sourceTree = "<group>"; };
		24870A2B2C07FD3100A6A897 /* Endpoint.swift */ = {isa = PBXFileReference; lastKnownFileType = sourcecode.swift; path = Endpoint.swift; sourceTree = "<group>"; };
		24870A2D2C07FD8500A6A897 /* ServiceRouter.swift */ = {isa = PBXFileReference; lastKnownFileType = sourcecode.swift; path = ServiceRouter.swift; sourceTree = "<group>"; };
		24870A2F2C07FD9000A6A897 /* Service.swift */ = {isa = PBXFileReference; lastKnownFileType = sourcecode.swift; path = Service.swift; sourceTree = "<group>"; };
		24870A3C2C08032E00A6A897 /* HomeBuilder.swift */ = {isa = PBXFileReference; lastKnownFileType = sourcecode.swift; path = HomeBuilder.swift; sourceTree = "<group>"; };
		24870A3F2C08035100A6A897 /* ViewBuilder.swift */ = {isa = PBXFileReference; lastKnownFileType = sourcecode.swift; path = ViewBuilder.swift; sourceTree = "<group>"; };
		24870A4A2C08097400A6A897 /* ServiceRequest.swift */ = {isa = PBXFileReference; lastKnownFileType = sourcecode.swift; path = ServiceRequest.swift; sourceTree = "<group>"; };
		24870A4E2C08105700A6A897 /* ServiceResult.swift */ = {isa = PBXFileReference; lastKnownFileType = sourcecode.swift; path = ServiceResult.swift; sourceTree = "<group>"; };
		24870A502C08149200A6A897 /* ServiceError.swift */ = {isa = PBXFileReference; lastKnownFileType = sourcecode.swift; path = ServiceError.swift; sourceTree = "<group>"; };
		24870A532C08892900A6A897 /* SectorListTableViewCell.swift */ = {isa = PBXFileReference; lastKnownFileType = sourcecode.swift; path = SectorListTableViewCell.swift; sourceTree = "<group>"; };
		24870A552C08944600A6A897 /* SectorListTableViewCellHeader.swift */ = {isa = PBXFileReference; lastKnownFileType = sourcecode.swift; path = SectorListTableViewCellHeader.swift; sourceTree = "<group>"; };
		24870A592C08A72700A6A897 /* Poppins-BoldItalic.ttf */ = {isa = PBXFileReference; lastKnownFileType = file; path = "Poppins-BoldItalic.ttf"; sourceTree = "<group>"; };
		24870A5A2C08A72700A6A897 /* Poppins-Italic.ttf */ = {isa = PBXFileReference; lastKnownFileType = file; path = "Poppins-Italic.ttf"; sourceTree = "<group>"; };
		24870A5B2C08A72700A6A897 /* Poppins-SemiBold.ttf */ = {isa = PBXFileReference; lastKnownFileType = file; path = "Poppins-SemiBold.ttf"; sourceTree = "<group>"; };
		24870A5C2C08A72700A6A897 /* Poppins-Regular.ttf */ = {isa = PBXFileReference; lastKnownFileType = file; path = "Poppins-Regular.ttf"; sourceTree = "<group>"; };
		24870A5D2C08A72700A6A897 /* Poppins-ExtraBold.ttf */ = {isa = PBXFileReference; lastKnownFileType = file; path = "Poppins-ExtraBold.ttf"; sourceTree = "<group>"; };
		24870A5E2C08A72700A6A897 /* Poppins-Thin.ttf */ = {isa = PBXFileReference; lastKnownFileType = file; path = "Poppins-Thin.ttf"; sourceTree = "<group>"; };
		24870A5F2C08A72700A6A897 /* Poppins-MediumItalic.ttf */ = {isa = PBXFileReference; lastKnownFileType = file; path = "Poppins-MediumItalic.ttf"; sourceTree = "<group>"; };
		24870A602C08A72700A6A897 /* Poppins-ExtraLightItalic.ttf */ = {isa = PBXFileReference; lastKnownFileType = file; path = "Poppins-ExtraLightItalic.ttf"; sourceTree = "<group>"; };
		24870A612C08A72700A6A897 /* Poppins-BlackItalic.ttf */ = {isa = PBXFileReference; lastKnownFileType = file; path = "Poppins-BlackItalic.ttf"; sourceTree = "<group>"; };
		24870A622C08A72700A6A897 /* Poppins-Medium.ttf */ = {isa = PBXFileReference; lastKnownFileType = file; path = "Poppins-Medium.ttf"; sourceTree = "<group>"; };
		24870A632C08A72800A6A897 /* Poppins-Light.ttf */ = {isa = PBXFileReference; lastKnownFileType = file; path = "Poppins-Light.ttf"; sourceTree = "<group>"; };
		24870A642C08A72800A6A897 /* Poppins-SemiBoldItalic.ttf */ = {isa = PBXFileReference; lastKnownFileType = file; path = "Poppins-SemiBoldItalic.ttf"; sourceTree = "<group>"; };
		24870A652C08A72800A6A897 /* Poppins-ThinItalic.ttf */ = {isa = PBXFileReference; lastKnownFileType = file; path = "Poppins-ThinItalic.ttf"; sourceTree = "<group>"; };
		24870A662C08A72800A6A897 /* Poppins-LightItalic.ttf */ = {isa = PBXFileReference; lastKnownFileType = file; path = "Poppins-LightItalic.ttf"; sourceTree = "<group>"; };
		24870A672C08A72800A6A897 /* Poppins-ExtraBoldItalic.ttf */ = {isa = PBXFileReference; lastKnownFileType = file; path = "Poppins-ExtraBoldItalic.ttf"; sourceTree = "<group>"; };
		24870A682C08A72800A6A897 /* Poppins-Bold.ttf */ = {isa = PBXFileReference; lastKnownFileType = file; path = "Poppins-Bold.ttf"; sourceTree = "<group>"; };
		24870A692C08A72800A6A897 /* Poppins-Black.ttf */ = {isa = PBXFileReference; lastKnownFileType = file; path = "Poppins-Black.ttf"; sourceTree = "<group>"; };
		24870A6A2C08A72800A6A897 /* Poppins-ExtraLight.ttf */ = {isa = PBXFileReference; lastKnownFileType = file; path = "Poppins-ExtraLight.ttf"; sourceTree = "<group>"; };
		24870A7E2C08A75900A6A897 /* UFont+Extension.swift */ = {isa = PBXFileReference; lastKnownFileType = sourcecode.swift; path = "UFont+Extension.swift"; sourceTree = "<group>"; };
		24870A852C08AA8200A6A897 /* Satoshi-Bold.otf */ = {isa = PBXFileReference; lastKnownFileType = file; path = "Satoshi-Bold.otf"; sourceTree = "<group>"; };
		24870A862C08AA8200A6A897 /* Satoshi-MediumItalic.otf */ = {isa = PBXFileReference; lastKnownFileType = file; path = "Satoshi-MediumItalic.otf"; sourceTree = "<group>"; };
		24870A872C08AA8200A6A897 /* Satoshi-Medium.otf */ = {isa = PBXFileReference; lastKnownFileType = file; path = "Satoshi-Medium.otf"; sourceTree = "<group>"; };
		24870A882C08AA8200A6A897 /* Satoshi-Light.otf */ = {isa = PBXFileReference; lastKnownFileType = file; path = "Satoshi-Light.otf"; sourceTree = "<group>"; };
		24870A892C08AA8200A6A897 /* Satoshi-BlackItalic.otf */ = {isa = PBXFileReference; lastKnownFileType = file; path = "Satoshi-BlackItalic.otf"; sourceTree = "<group>"; };
		24870A8A2C08AA8200A6A897 /* Satoshi-BoldItalic.otf */ = {isa = PBXFileReference; lastKnownFileType = file; path = "Satoshi-BoldItalic.otf"; sourceTree = "<group>"; };
		24870A8B2C08AA8200A6A897 /* Satoshi-Italic.otf */ = {isa = PBXFileReference; lastKnownFileType = file; path = "Satoshi-Italic.otf"; sourceTree = "<group>"; };
		24870A8C2C08AA8200A6A897 /* Satoshi-Black.otf */ = {isa = PBXFileReference; lastKnownFileType = file; path = "Satoshi-Black.otf"; sourceTree = "<group>"; };
		24870A8D2C08AA8300A6A897 /* Satoshi-LightItalic.otf */ = {isa = PBXFileReference; lastKnownFileType = file; path = "Satoshi-LightItalic.otf"; sourceTree = "<group>"; };
		24870A8E2C08AA8300A6A897 /* Satoshi-Regular.otf */ = {isa = PBXFileReference; lastKnownFileType = file; path = "Satoshi-Regular.otf"; sourceTree = "<group>"; };
/* End PBXFileReference section */

/* Begin PBXFrameworksBuildPhase section */
		24338D302C07C32500AF5610 /* Frameworks */ = {
			isa = PBXFrameworksBuildPhase;
			buildActionMask = 2147483647;
			files = (
				243306432C0929C700709584 /* Kingfisher in Frameworks */,
				24870A472C0807DE00A6A897 /* Alamofire in Frameworks */,
			);
			runOnlyForDeploymentPostprocessing = 0;
		};
		24338D462C07C33B00AF5610 /* Frameworks */ = {
			isa = PBXFrameworksBuildPhase;
			buildActionMask = 2147483647;
			files = (
			);
			runOnlyForDeploymentPostprocessing = 0;
		};
		24338D502C07C33C00AF5610 /* Frameworks */ = {
			isa = PBXFrameworksBuildPhase;
			buildActionMask = 2147483647;
			files = (
			);
			runOnlyForDeploymentPostprocessing = 0;
		};
/* End PBXFrameworksBuildPhase section */

/* Begin PBXGroup section */
		24338D2A2C07C32400AF5610 = {
			isa = PBXGroup;
			children = (
				24338D352C07C32500AF5610 /* AlbYatirim */,
				24338D4C2C07C33B00AF5610 /* AlbYatirimTests */,
				24338D562C07C33C00AF5610 /* AlbYatirimUITests */,
				24338D342C07C32500AF5610 /* Products */,
			);
			sourceTree = "<group>";
		};
		24338D342C07C32500AF5610 /* Products */ = {
			isa = PBXGroup;
			children = (
				24338D332C07C32500AF5610 /* AlbYatirim.app */,
				24338D492C07C33B00AF5610 /* AlbYatirimTests.xctest */,
				24338D532C07C33C00AF5610 /* AlbYatirimUITests.xctest */,
			);
			name = Products;
			sourceTree = "<group>";
		};
		24338D352C07C32500AF5610 /* AlbYatirim */ = {
			isa = PBXGroup;
			children = (
				24870A3A2C0801E000A6A897 /* Resources */,
				24870A392C0801D900A6A897 /* Core */,
				24870A372C07FE6100A6A897 /* Utils */,
				24870A1B2C07FB1300A6A897 /* Services */,
				24870A1A2C07FB0E00A6A897 /* Modules */,
				24338D442C07C33A00AF5610 /* Info.plist */,
			);
			path = AlbYatirim;
			sourceTree = "<group>";
		};
		24338D4C2C07C33B00AF5610 /* AlbYatirimTests */ = {
			isa = PBXGroup;
			children = (
				24338D4D2C07C33C00AF5610 /* AlbYatirimTests.swift */,
			);
			path = AlbYatirimTests;
			sourceTree = "<group>";
		};
		24338D562C07C33C00AF5610 /* AlbYatirimUITests */ = {
			isa = PBXGroup;
			children = (
				24338D572C07C33D00AF5610 /* AlbYatirimUITests.swift */,
				24338D592C07C33E00AF5610 /* AlbYatirimUITestsLaunchTests.swift */,
			);
			path = AlbYatirimUITests;
			sourceTree = "<group>";
		};
		24870A1A2C07FB0E00A6A897 /* Modules */ = {
			isa = PBXGroup;
			children = (
				24870A242C07FCE300A6A897 /* Detail */,
				24870A1E2C07FBE800A6A897 /* Home */,
			);
			path = Modules;
			sourceTree = "<group>";
		};
		24870A1B2C07FB1300A6A897 /* Services */ = {
			isa = PBXGroup;
			children = (
				24870A362C07FE3900A6A897 /* Models */,
				24870A292C07FCFD00A6A897 /* APIService */,
			);
			path = Services;
			sourceTree = "<group>";
		};
		24870A1E2C07FBE800A6A897 /* Home */ = {
			isa = PBXGroup;
			children = (
				24870A522C0888E000A6A897 /* Cells */,
				24870A202C07FCBE00A6A897 /* HomeViewController.swift */,
				24870A222C07FCCE00A6A897 /* HomeViewModel.swift */,
				24870A3C2C08032E00A6A897 /* HomeBuilder.swift */,
				243306442C092EB900709584 /* HomeRouter.swift */,
			);
			path = Home;
			sourceTree = "<group>";
		};
		24870A242C07FCE300A6A897 /* Detail */ = {
			isa = PBXGroup;
			children = (
				24870A252C07FCEF00A6A897 /* DetailViewController.swift */,
				24870A272C07FCF500A6A897 /* DetailViewModel.swift */,
				243306462C09348400709584 /* DetailBuilder.swift */,
			);
			path = Detail;
			sourceTree = "<group>";
		};
		24870A292C07FCFD00A6A897 /* APIService */ = {
			isa = PBXGroup;
			children = (
				24870A2B2C07FD3100A6A897 /* Endpoint.swift */,
				24870A2D2C07FD8500A6A897 /* ServiceRouter.swift */,
				24870A2F2C07FD9000A6A897 /* Service.swift */,
				24870A4A2C08097400A6A897 /* ServiceRequest.swift */,
				24870A4E2C08105700A6A897 /* ServiceResult.swift */,
				24870A502C08149200A6A897 /* ServiceError.swift */,
			);
			path = APIService;
			sourceTree = "<group>";
		};
		24870A362C07FE3900A6A897 /* Models */ = {
			isa = PBXGroup;
			children = (
				2433063F2C09215600709584 /* GetBistResponse.swift */,
			);
			path = Models;
			sourceTree = "<group>";
		};
		24870A372C07FE6100A6A897 /* Utils */ = {
			isa = PBXGroup;
			children = (
				24870A3E2C08034A00A6A897 /* UI */,
				24870A382C07FE6A00A6A897 /* Extensions */,
			);
			path = Utils;
			sourceTree = "<group>";
		};
		24870A382C07FE6A00A6A897 /* Extensions */ = {
			isa = PBXGroup;
			children = (
				24870A7D2C08A75000A6A897 /* Font */,
			);
			path = Extensions;
			sourceTree = "<group>";
		};
		24870A392C0801D900A6A897 /* Core */ = {
			isa = PBXGroup;
			children = (
				24338D362C07C32600AF5610 /* AppDelegate.swift */,
				24338D382C07C32600AF5610 /* SceneDelegate.swift */,
			);
			path = Core;
			sourceTree = "<group>";
		};
		24870A3A2C0801E000A6A897 /* Resources */ = {
			isa = PBXGroup;
			children = (
				24870A572C08A6FB00A6A897 /* Fonts */,
				24338D3F2C07C33900AF5610 /* Assets.xcassets */,
				24338D412C07C33900AF5610 /* LaunchScreen.storyboard */,
			);
			path = Resources;
			sourceTree = "<group>";
		};
		24870A3E2C08034A00A6A897 /* UI */ = {
			isa = PBXGroup;
			children = (
				24870A3F2C08035100A6A897 /* ViewBuilder.swift */,
			);
			path = UI;
			sourceTree = "<group>";
		};
		24870A522C0888E000A6A897 /* Cells */ = {
			isa = PBXGroup;
			children = (
				24870A532C08892900A6A897 /* SectorListTableViewCell.swift */,
				24870A552C08944600A6A897 /* SectorListTableViewCellHeader.swift */,
			);
			path = Cells;
			sourceTree = "<group>";
		};
		24870A572C08A6FB00A6A897 /* Fonts */ = {
			isa = PBXGroup;
			children = (
				24870A802C08A92D00A6A897 /* Satoshi */,
				24870A582C08A6FF00A6A897 /* Poppins */,
			);
			path = Fonts;
			sourceTree = "<group>";
		};
		24870A582C08A6FF00A6A897 /* Poppins */ = {
			isa = PBXGroup;
			children = (
				24870A692C08A72800A6A897 /* Poppins-Black.ttf */,
				24870A612C08A72700A6A897 /* Poppins-BlackItalic.ttf */,
				24870A682C08A72800A6A897 /* Poppins-Bold.ttf */,
				24870A592C08A72700A6A897 /* Poppins-BoldItalic.ttf */,
				24870A5D2C08A72700A6A897 /* Poppins-ExtraBold.ttf */,
				24870A672C08A72800A6A897 /* Poppins-ExtraBoldItalic.ttf */,
				24870A6A2C08A72800A6A897 /* Poppins-ExtraLight.ttf */,
				24870A602C08A72700A6A897 /* Poppins-ExtraLightItalic.ttf */,
				24870A5A2C08A72700A6A897 /* Poppins-Italic.ttf */,
				24870A632C08A72800A6A897 /* Poppins-Light.ttf */,
				24870A662C08A72800A6A897 /* Poppins-LightItalic.ttf */,
				24870A622C08A72700A6A897 /* Poppins-Medium.ttf */,
				24870A5F2C08A72700A6A897 /* Poppins-MediumItalic.ttf */,
				24870A5C2C08A72700A6A897 /* Poppins-Regular.ttf */,
				24870A5B2C08A72700A6A897 /* Poppins-SemiBold.ttf */,
				24870A642C08A72800A6A897 /* Poppins-SemiBoldItalic.ttf */,
				24870A5E2C08A72700A6A897 /* Poppins-Thin.ttf */,
				24870A652C08A72800A6A897 /* Poppins-ThinItalic.ttf */,
			);
			path = Poppins;
			sourceTree = "<group>";
		};
		24870A7D2C08A75000A6A897 /* Font */ = {
			isa = PBXGroup;
			children = (
				24870A7E2C08A75900A6A897 /* UFont+Extension.swift */,
			);
			path = Font;
			sourceTree = "<group>";
		};
		24870A802C08A92D00A6A897 /* Satoshi */ = {
			isa = PBXGroup;
			children = (
				24870A8C2C08AA8200A6A897 /* Satoshi-Black.otf */,
				24870A892C08AA8200A6A897 /* Satoshi-BlackItalic.otf */,
				24870A852C08AA8200A6A897 /* Satoshi-Bold.otf */,
				24870A8A2C08AA8200A6A897 /* Satoshi-BoldItalic.otf */,
				24870A8B2C08AA8200A6A897 /* Satoshi-Italic.otf */,
				24870A882C08AA8200A6A897 /* Satoshi-Light.otf */,
				24870A8D2C08AA8300A6A897 /* Satoshi-LightItalic.otf */,
				24870A872C08AA8200A6A897 /* Satoshi-Medium.otf */,
				24870A862C08AA8200A6A897 /* Satoshi-MediumItalic.otf */,
				24870A8E2C08AA8300A6A897 /* Satoshi-Regular.otf */,
			);
			path = Satoshi;
			sourceTree = "<group>";
		};
/* End PBXGroup section */

/* Begin PBXNativeTarget section */
		24338D322C07C32500AF5610 /* AlbYatirim */ = {
			isa = PBXNativeTarget;
			buildConfigurationList = 24338D5D2C07C33E00AF5610 /* Build configuration list for PBXNativeTarget "AlbYatirim" */;
			buildPhases = (
				24338D2F2C07C32500AF5610 /* Sources */,
				24338D302C07C32500AF5610 /* Frameworks */,
				24338D312C07C32500AF5610 /* Resources */,
			);
			buildRules = (
			);
			dependencies = (
			);
			name = AlbYatirim;
			packageProductDependencies = (
				24870A462C0807DE00A6A897 /* Alamofire */,
				243306422C0929C700709584 /* Kingfisher */,
			);
			productName = AlbYatirim;
			productReference = 24338D332C07C32500AF5610 /* AlbYatirim.app */;
			productType = "com.apple.product-type.application";
		};
		24338D482C07C33B00AF5610 /* AlbYatirimTests */ = {
			isa = PBXNativeTarget;
			buildConfigurationList = 24338D602C07C33E00AF5610 /* Build configuration list for PBXNativeTarget "AlbYatirimTests" */;
			buildPhases = (
				24338D452C07C33B00AF5610 /* Sources */,
				24338D462C07C33B00AF5610 /* Frameworks */,
				24338D472C07C33B00AF5610 /* Resources */,
			);
			buildRules = (
			);
			dependencies = (
				24338D4B2C07C33B00AF5610 /* PBXTargetDependency */,
			);
			name = AlbYatirimTests;
			productName = AlbYatirimTests;
			productReference = 24338D492C07C33B00AF5610 /* AlbYatirimTests.xctest */;
			productType = "com.apple.product-type.bundle.unit-test";
		};
		24338D522C07C33C00AF5610 /* AlbYatirimUITests */ = {
			isa = PBXNativeTarget;
			buildConfigurationList = 24338D632C07C33E00AF5610 /* Build configuration list for PBXNativeTarget "AlbYatirimUITests" */;
			buildPhases = (
				24338D4F2C07C33C00AF5610 /* Sources */,
				24338D502C07C33C00AF5610 /* Frameworks */,
				24338D512C07C33C00AF5610 /* Resources */,
			);
			buildRules = (
			);
			dependencies = (
				24338D552C07C33C00AF5610 /* PBXTargetDependency */,
			);
			name = AlbYatirimUITests;
			productName = AlbYatirimUITests;
			productReference = 24338D532C07C33C00AF5610 /* AlbYatirimUITests.xctest */;
			productType = "com.apple.product-type.bundle.ui-testing";
		};
/* End PBXNativeTarget section */

/* Begin PBXProject section */
		24338D2B2C07C32400AF5610 /* Project object */ = {
			isa = PBXProject;
			attributes = {
				BuildIndependentTargetsInParallel = 1;
				LastSwiftUpdateCheck = 1530;
				LastUpgradeCheck = 1530;
				TargetAttributes = {
					24338D322C07C32500AF5610 = {
						CreatedOnToolsVersion = 15.3;
					};
					24338D482C07C33B00AF5610 = {
						CreatedOnToolsVersion = 15.3;
						TestTargetID = 24338D322C07C32500AF5610;
					};
					24338D522C07C33C00AF5610 = {
						CreatedOnToolsVersion = 15.3;
						TestTargetID = 24338D322C07C32500AF5610;
					};
				};
			};
			buildConfigurationList = 24338D2E2C07C32400AF5610 /* Build configuration list for PBXProject "AlbYatirim" */;
			compatibilityVersion = "Xcode 14.0";
			developmentRegion = en;
			hasScannedForEncodings = 0;
			knownRegions = (
				en,
				Base,
			);
			mainGroup = 24338D2A2C07C32400AF5610;
			packageReferences = (
				24870A452C0807DE00A6A897 /* XCRemoteSwiftPackageReference "Alamofire" */,
				243306412C0929C700709584 /* XCRemoteSwiftPackageReference "Kingfisher" */,
			);
			productRefGroup = 24338D342C07C32500AF5610 /* Products */;
			projectDirPath = "";
			projectRoot = "";
			targets = (
				24338D322C07C32500AF5610 /* AlbYatirim */,
				24338D482C07C33B00AF5610 /* AlbYatirimTests */,
				24338D522C07C33C00AF5610 /* AlbYatirimUITests */,
			);
		};
/* End PBXProject section */

/* Begin PBXResourcesBuildPhase section */
		24338D312C07C32500AF5610 /* Resources */ = {
			isa = PBXResourcesBuildPhase;
			buildActionMask = 2147483647;
			files = (
				24870A7C2C08A72800A6A897 /* Poppins-ExtraLight.ttf in Resources */,
				24870A6D2C08A72800A6A897 /* Poppins-SemiBold.ttf in Resources */,
				24870A7A2C08A72800A6A897 /* Poppins-Bold.ttf in Resources */,
				24870A8F2C08AA8300A6A897 /* Satoshi-Bold.otf in Resources */,
				24870A902C08AA8300A6A897 /* Satoshi-MediumItalic.otf in Resources */,
				24870A752C08A72800A6A897 /* Poppins-Light.ttf in Resources */,
				24870A912C08AA8300A6A897 /* Satoshi-Medium.otf in Resources */,
				24870A6B2C08A72800A6A897 /* Poppins-BoldItalic.ttf in Resources */,
				24870A922C08AA8300A6A897 /* Satoshi-Light.otf in Resources */,
				24870A762C08A72800A6A897 /* Poppins-SemiBoldItalic.ttf in Resources */,
				24870A932C08AA8300A6A897 /* Satoshi-BlackItalic.otf in Resources */,
				24870A7B2C08A72800A6A897 /* Poppins-Black.ttf in Resources */,
				24870A942C08AA8300A6A897 /* Satoshi-BoldItalic.otf in Resources */,
				24870A722C08A72800A6A897 /* Poppins-ExtraLightItalic.ttf in Resources */,
				24338D402C07C33900AF5610 /* Assets.xcassets in Resources */,
				24870A6F2C08A72800A6A897 /* Poppins-ExtraBold.ttf in Resources */,
				24870A972C08AA8300A6A897 /* Satoshi-LightItalic.otf in Resources */,
				24870A782C08A72800A6A897 /* Poppins-LightItalic.ttf in Resources */,
				24870A962C08AA8300A6A897 /* Satoshi-Black.otf in Resources */,
				24870A952C08AA8300A6A897 /* Satoshi-Italic.otf in Resources */,
				24870A982C08AA8300A6A897 /* Satoshi-Regular.otf in Resources */,
				24870A6E2C08A72800A6A897 /* Poppins-Regular.ttf in Resources */,
				24870A702C08A72800A6A897 /* Poppins-Thin.ttf in Resources */,
				24870A6C2C08A72800A6A897 /* Poppins-Italic.ttf in Resources */,
				24870A712C08A72800A6A897 /* Poppins-MediumItalic.ttf in Resources */,
				24870A742C08A72800A6A897 /* Poppins-Medium.ttf in Resources */,
				24870A772C08A72800A6A897 /* Poppins-ThinItalic.ttf in Resources */,
				24338D432C07C33900AF5610 /* Base in Resources */,
				24870A732C08A72800A6A897 /* Poppins-BlackItalic.ttf in Resources */,
				24870A792C08A72800A6A897 /* Poppins-ExtraBoldItalic.ttf in Resources */,
			);
			runOnlyForDeploymentPostprocessing = 0;
		};
		24338D472C07C33B00AF5610 /* Resources */ = {
			isa = PBXResourcesBuildPhase;
			buildActionMask = 2147483647;
			files = (
			);
			runOnlyForDeploymentPostprocessing = 0;
		};
		24338D512C07C33C00AF5610 /* Resources */ = {
			isa = PBXResourcesBuildPhase;
			buildActionMask = 2147483647;
			files = (
			);
			runOnlyForDeploymentPostprocessing = 0;
		};
/* End PBXResourcesBuildPhase section */

/* Begin PBXSourcesBuildPhase section */
		24338D2F2C07C32500AF5610 /* Sources */ = {
			isa = PBXSourcesBuildPhase;
			buildActionMask = 2147483647;
			files = (
				24870A3D2C08032E00A6A897 /* HomeBuilder.swift in Sources */,
				24338D372C07C32600AF5610 /* AppDelegate.swift in Sources */,
				24870A4F2C08105700A6A897 /* ServiceResult.swift in Sources */,
				24870A7F2C08A75900A6A897 /* UFont+Extension.swift in Sources */,
				243306452C092EB900709584 /* HomeRouter.swift in Sources */,
				24870A2C2C07FD3100A6A897 /* Endpoint.swift in Sources */,
				24870A402C08035100A6A897 /* ViewBuilder.swift in Sources */,
				24870A4B2C08097400A6A897 /* ServiceRequest.swift in Sources */,
				24870A562C08944600A6A897 /* SectorListTableViewCellHeader.swift in Sources */,
				24870A282C07FCF500A6A897 /* DetailViewModel.swift in Sources */,
				24870A2E2C07FD8500A6A897 /* ServiceRouter.swift in Sources */,
				24870A542C08892900A6A897 /* SectorListTableViewCell.swift in Sources */,
				24338D392C07C32600AF5610 /* SceneDelegate.swift in Sources */,
				24870A302C07FD9000A6A897 /* Service.swift in Sources */,
				243306402C09215600709584 /* GetBistResponse.swift in Sources */,
				24870A262C07FCEF00A6A897 /* DetailViewController.swift in Sources */,
				243306472C09348400709584 /* DetailBuilder.swift in Sources */,
				24870A232C07FCCE00A6A897 /* HomeViewModel.swift in Sources */,
				24870A512C08149200A6A897 /* ServiceError.swift in Sources */,
				24870A212C07FCBE00A6A897 /* HomeViewController.swift in Sources */,
			);
			runOnlyForDeploymentPostprocessing = 0;
		};
		24338D452C07C33B00AF5610 /* Sources */ = {
			isa = PBXSourcesBuildPhase;
			buildActionMask = 2147483647;
			files = (
				24338D4E2C07C33C00AF5610 /* AlbYatirimTests.swift in Sources */,
			);
			runOnlyForDeploymentPostprocessing = 0;
		};
		24338D4F2C07C33C00AF5610 /* Sources */ = {
			isa = PBXSourcesBuildPhase;
			buildActionMask = 2147483647;
			files = (
				24338D5A2C07C33E00AF5610 /* AlbYatirimUITestsLaunchTests.swift in Sources */,
				24338D582C07C33D00AF5610 /* AlbYatirimUITests.swift in Sources */,
			);
			runOnlyForDeploymentPostprocessing = 0;
		};
/* End PBXSourcesBuildPhase section */

/* Begin PBXTargetDependency section */
		24338D4B2C07C33B00AF5610 /* PBXTargetDependency */ = {
			isa = PBXTargetDependency;
			target = 24338D322C07C32500AF5610 /* AlbYatirim */;
			targetProxy = 24338D4A2C07C33B00AF5610 /* PBXContainerItemProxy */;
		};
		24338D552C07C33C00AF5610 /* PBXTargetDependency */ = {
			isa = PBXTargetDependency;
			target = 24338D322C07C32500AF5610 /* AlbYatirim */;
			targetProxy = 24338D542C07C33C00AF5610 /* PBXContainerItemProxy */;
		};
/* End PBXTargetDependency section */

/* Begin PBXVariantGroup section */
		24338D412C07C33900AF5610 /* LaunchScreen.storyboard */ = {
			isa = PBXVariantGroup;
			children = (
				24338D422C07C33900AF5610 /* Base */,
			);
			name = LaunchScreen.storyboard;
			sourceTree = "<group>";
		};
/* End PBXVariantGroup section */

/* Begin XCBuildConfiguration section */
		24338D5B2C07C33E00AF5610 /* Debug */ = {
			isa = XCBuildConfiguration;
			buildSettings = {
				ALWAYS_SEARCH_USER_PATHS = NO;
				ASSETCATALOG_COMPILER_GENERATE_SWIFT_ASSET_SYMBOL_EXTENSIONS = YES;
				CLANG_ANALYZER_NONNULL = YES;
				CLANG_ANALYZER_NUMBER_OBJECT_CONVERSION = YES_AGGRESSIVE;
				CLANG_CXX_LANGUAGE_STANDARD = "gnu++20";
				CLANG_ENABLE_MODULES = YES;
				CLANG_ENABLE_OBJC_ARC = YES;
				CLANG_ENABLE_OBJC_WEAK = YES;
				CLANG_WARN_BLOCK_CAPTURE_AUTORELEASING = YES;
				CLANG_WARN_BOOL_CONVERSION = YES;
				CLANG_WARN_COMMA = YES;
				CLANG_WARN_CONSTANT_CONVERSION = YES;
				CLANG_WARN_DEPRECATED_OBJC_IMPLEMENTATIONS = YES;
				CLANG_WARN_DIRECT_OBJC_ISA_USAGE = YES_ERROR;
				CLANG_WARN_DOCUMENTATION_COMMENTS = YES;
				CLANG_WARN_EMPTY_BODY = YES;
				CLANG_WARN_ENUM_CONVERSION = YES;
				CLANG_WARN_INFINITE_RECURSION = YES;
				CLANG_WARN_INT_CONVERSION = YES;
				CLANG_WARN_NON_LITERAL_NULL_CONVERSION = YES;
				CLANG_WARN_OBJC_IMPLICIT_RETAIN_SELF = YES;
				CLANG_WARN_OBJC_LITERAL_CONVERSION = YES;
				CLANG_WARN_OBJC_ROOT_CLASS = YES_ERROR;
				CLANG_WARN_QUOTED_INCLUDE_IN_FRAMEWORK_HEADER = YES;
				CLANG_WARN_RANGE_LOOP_ANALYSIS = YES;
				CLANG_WARN_STRICT_PROTOTYPES = YES;
				CLANG_WARN_SUSPICIOUS_MOVE = YES;
				CLANG_WARN_UNGUARDED_AVAILABILITY = YES_AGGRESSIVE;
				CLANG_WARN_UNREACHABLE_CODE = YES;
				CLANG_WARN__DUPLICATE_METHOD_MATCH = YES;
				COPY_PHASE_STRIP = NO;
				DEBUG_INFORMATION_FORMAT = dwarf;
				ENABLE_STRICT_OBJC_MSGSEND = YES;
				ENABLE_TESTABILITY = YES;
				ENABLE_USER_SCRIPT_SANDBOXING = YES;
				GCC_C_LANGUAGE_STANDARD = gnu17;
				GCC_DYNAMIC_NO_PIC = NO;
				GCC_NO_COMMON_BLOCKS = YES;
				GCC_OPTIMIZATION_LEVEL = 0;
				GCC_PREPROCESSOR_DEFINITIONS = (
					"DEBUG=1",
					"$(inherited)",
				);
				GCC_WARN_64_TO_32_BIT_CONVERSION = YES;
				GCC_WARN_ABOUT_RETURN_TYPE = YES_ERROR;
				GCC_WARN_UNDECLARED_SELECTOR = YES;
				GCC_WARN_UNINITIALIZED_AUTOS = YES_AGGRESSIVE;
				GCC_WARN_UNUSED_FUNCTION = YES;
				GCC_WARN_UNUSED_VARIABLE = YES;
				IPHONEOS_DEPLOYMENT_TARGET = 17.4;
				LOCALIZATION_PREFERS_STRING_CATALOGS = YES;
				MTL_ENABLE_DEBUG_INFO = INCLUDE_SOURCE;
				MTL_FAST_MATH = YES;
				ONLY_ACTIVE_ARCH = YES;
				SDKROOT = iphoneos;
				SWIFT_ACTIVE_COMPILATION_CONDITIONS = "DEBUG $(inherited)";
				SWIFT_OPTIMIZATION_LEVEL = "-Onone";
			};
			name = Debug;
		};
		24338D5C2C07C33E00AF5610 /* Release */ = {
			isa = XCBuildConfiguration;
			buildSettings = {
				ALWAYS_SEARCH_USER_PATHS = NO;
				ASSETCATALOG_COMPILER_GENERATE_SWIFT_ASSET_SYMBOL_EXTENSIONS = YES;
				CLANG_ANALYZER_NONNULL = YES;
				CLANG_ANALYZER_NUMBER_OBJECT_CONVERSION = YES_AGGRESSIVE;
				CLANG_CXX_LANGUAGE_STANDARD = "gnu++20";
				CLANG_ENABLE_MODULES = YES;
				CLANG_ENABLE_OBJC_ARC = YES;
				CLANG_ENABLE_OBJC_WEAK = YES;
				CLANG_WARN_BLOCK_CAPTURE_AUTORELEASING = YES;
				CLANG_WARN_BOOL_CONVERSION = YES;
				CLANG_WARN_COMMA = YES;
				CLANG_WARN_CONSTANT_CONVERSION = YES;
				CLANG_WARN_DEPRECATED_OBJC_IMPLEMENTATIONS = YES;
				CLANG_WARN_DIRECT_OBJC_ISA_USAGE = YES_ERROR;
				CLANG_WARN_DOCUMENTATION_COMMENTS = YES;
				CLANG_WARN_EMPTY_BODY = YES;
				CLANG_WARN_ENUM_CONVERSION = YES;
				CLANG_WARN_INFINITE_RECURSION = YES;
				CLANG_WARN_INT_CONVERSION = YES;
				CLANG_WARN_NON_LITERAL_NULL_CONVERSION = YES;
				CLANG_WARN_OBJC_IMPLICIT_RETAIN_SELF = YES;
				CLANG_WARN_OBJC_LITERAL_CONVERSION = YES;
				CLANG_WARN_OBJC_ROOT_CLASS = YES_ERROR;
				CLANG_WARN_QUOTED_INCLUDE_IN_FRAMEWORK_HEADER = YES;
				CLANG_WARN_RANGE_LOOP_ANALYSIS = YES;
				CLANG_WARN_STRICT_PROTOTYPES = YES;
				CLANG_WARN_SUSPICIOUS_MOVE = YES;
				CLANG_WARN_UNGUARDED_AVAILABILITY = YES_AGGRESSIVE;
				CLANG_WARN_UNREACHABLE_CODE = YES;
				CLANG_WARN__DUPLICATE_METHOD_MATCH = YES;
				COPY_PHASE_STRIP = NO;
				DEBUG_INFORMATION_FORMAT = "dwarf-with-dsym";
				ENABLE_NS_ASSERTIONS = NO;
				ENABLE_STRICT_OBJC_MSGSEND = YES;
				ENABLE_USER_SCRIPT_SANDBOXING = YES;
				GCC_C_LANGUAGE_STANDARD = gnu17;
				GCC_NO_COMMON_BLOCKS = YES;
				GCC_WARN_64_TO_32_BIT_CONVERSION = YES;
				GCC_WARN_ABOUT_RETURN_TYPE = YES_ERROR;
				GCC_WARN_UNDECLARED_SELECTOR = YES;
				GCC_WARN_UNINITIALIZED_AUTOS = YES_AGGRESSIVE;
				GCC_WARN_UNUSED_FUNCTION = YES;
				GCC_WARN_UNUSED_VARIABLE = YES;
				IPHONEOS_DEPLOYMENT_TARGET = 17.4;
				LOCALIZATION_PREFERS_STRING_CATALOGS = YES;
				MTL_ENABLE_DEBUG_INFO = NO;
				MTL_FAST_MATH = YES;
				SDKROOT = iphoneos;
				SWIFT_COMPILATION_MODE = wholemodule;
				VALIDATE_PRODUCT = YES;
			};
			name = Release;
		};
		24338D5E2C07C33E00AF5610 /* Debug */ = {
			isa = XCBuildConfiguration;
			buildSettings = {
				ASSETCATALOG_COMPILER_APPICON_NAME = AppIcon;
				ASSETCATALOG_COMPILER_GLOBAL_ACCENT_COLOR_NAME = AccentColor;
				CODE_SIGN_STYLE = Automatic;
				CURRENT_PROJECT_VERSION = 1;
				DEVELOPMENT_TEAM = HNYFM2CANQ;
				GENERATE_INFOPLIST_FILE = YES;
				INFOPLIST_FILE = AlbYatirim/Info.plist;
				INFOPLIST_KEY_UIApplicationSupportsIndirectInputEvents = YES;
				INFOPLIST_KEY_UILaunchStoryboardName = LaunchScreen;
				INFOPLIST_KEY_UISupportedInterfaceOrientations_iPad = "UIInterfaceOrientationPortrait UIInterfaceOrientationPortraitUpsideDown UIInterfaceOrientationLandscapeLeft UIInterfaceOrientationLandscapeRight";
				INFOPLIST_KEY_UISupportedInterfaceOrientations_iPhone = "UIInterfaceOrientationPortrait UIInterfaceOrientationLandscapeLeft UIInterfaceOrientationLandscapeRight";
				LD_RUNPATH_SEARCH_PATHS = (
					"$(inherited)",
					"@executable_path/Frameworks",
				);
				MARKETING_VERSION = 1.0;
				PRODUCT_BUNDLE_IDENTIFIER = com.hangul.AlbYatirim;
				PRODUCT_NAME = "$(TARGET_NAME)";
				SWIFT_EMIT_LOC_STRINGS = YES;
				SWIFT_VERSION = 5.0;
				TARGETED_DEVICE_FAMILY = "1,2";
			};
			name = Debug;
		};
		24338D5F2C07C33E00AF5610 /* Release */ = {
			isa = XCBuildConfiguration;
			buildSettings = {
				ASSETCATALOG_COMPILER_APPICON_NAME = AppIcon;
				ASSETCATALOG_COMPILER_GLOBAL_ACCENT_COLOR_NAME = AccentColor;
				CODE_SIGN_STYLE = Automatic;
				CURRENT_PROJECT_VERSION = 1;
				DEVELOPMENT_TEAM = HNYFM2CANQ;
				GENERATE_INFOPLIST_FILE = YES;
				INFOPLIST_FILE = AlbYatirim/Info.plist;
				INFOPLIST_KEY_UIApplicationSupportsIndirectInputEvents = YES;
				INFOPLIST_KEY_UILaunchStoryboardName = LaunchScreen;
				INFOPLIST_KEY_UISupportedInterfaceOrientations_iPad = "UIInterfaceOrientationPortrait UIInterfaceOrientationPortraitUpsideDown UIInterfaceOrientationLandscapeLeft UIInterfaceOrientationLandscapeRight";
				INFOPLIST_KEY_UISupportedInterfaceOrientations_iPhone = "UIInterfaceOrientationPortrait UIInterfaceOrientationLandscapeLeft UIInterfaceOrientationLandscapeRight";
				LD_RUNPATH_SEARCH_PATHS = (
					"$(inherited)",
					"@executable_path/Frameworks",
				);
				MARKETING_VERSION = 1.0;
				PRODUCT_BUNDLE_IDENTIFIER = com.hangul.AlbYatirim;
				PRODUCT_NAME = "$(TARGET_NAME)";
				SWIFT_EMIT_LOC_STRINGS = YES;
				SWIFT_VERSION = 5.0;
				TARGETED_DEVICE_FAMILY = "1,2";
			};
			name = Release;
		};
		24338D612C07C33E00AF5610 /* Debug */ = {
			isa = XCBuildConfiguration;
			buildSettings = {
				ALWAYS_EMBED_SWIFT_STANDARD_LIBRARIES = YES;
				BUNDLE_LOADER = "$(TEST_HOST)";
				CODE_SIGN_STYLE = Automatic;
				CURRENT_PROJECT_VERSION = 1;
				DEVELOPMENT_TEAM = HNYFM2CANQ;
				GENERATE_INFOPLIST_FILE = YES;
				IPHONEOS_DEPLOYMENT_TARGET = 17.4;
				MARKETING_VERSION = 1.0;
				PRODUCT_BUNDLE_IDENTIFIER = com.hangul.AlbYatirimTests;
				PRODUCT_NAME = "$(TARGET_NAME)";
				SWIFT_EMIT_LOC_STRINGS = NO;
				SWIFT_VERSION = 5.0;
				TARGETED_DEVICE_FAMILY = "1,2";
				TEST_HOST = "$(BUILT_PRODUCTS_DIR)/AlbYatirim.app/$(BUNDLE_EXECUTABLE_FOLDER_PATH)/AlbYatirim";
			};
			name = Debug;
		};
		24338D622C07C33E00AF5610 /* Release */ = {
			isa = XCBuildConfiguration;
			buildSettings = {
				ALWAYS_EMBED_SWIFT_STANDARD_LIBRARIES = YES;
				BUNDLE_LOADER = "$(TEST_HOST)";
				CODE_SIGN_STYLE = Automatic;
				CURRENT_PROJECT_VERSION = 1;
				DEVELOPMENT_TEAM = HNYFM2CANQ;
				GENERATE_INFOPLIST_FILE = YES;
				IPHONEOS_DEPLOYMENT_TARGET = 17.4;
				MARKETING_VERSION = 1.0;
				PRODUCT_BUNDLE_IDENTIFIER = com.hangul.AlbYatirimTests;
				PRODUCT_NAME = "$(TARGET_NAME)";
				SWIFT_EMIT_LOC_STRINGS = NO;
				SWIFT_VERSION = 5.0;
				TARGETED_DEVICE_FAMILY = "1,2";
				TEST_HOST = "$(BUILT_PRODUCTS_DIR)/AlbYatirim.app/$(BUNDLE_EXECUTABLE_FOLDER_PATH)/AlbYatirim";
			};
			name = Release;
		};
		24338D642C07C33E00AF5610 /* Debug */ = {
			isa = XCBuildConfiguration;
			buildSettings = {
				ALWAYS_EMBED_SWIFT_STANDARD_LIBRARIES = YES;
				CODE_SIGN_STYLE = Automatic;
				CURRENT_PROJECT_VERSION = 1;
				DEVELOPMENT_TEAM = HNYFM2CANQ;
				GENERATE_INFOPLIST_FILE = YES;
				MARKETING_VERSION = 1.0;
				PRODUCT_BUNDLE_IDENTIFIER = com.hangul.AlbYatirimUITests;
				PRODUCT_NAME = "$(TARGET_NAME)";
				SWIFT_EMIT_LOC_STRINGS = NO;
				SWIFT_VERSION = 5.0;
				TARGETED_DEVICE_FAMILY = "1,2";
				TEST_TARGET_NAME = AlbYatirim;
			};
			name = Debug;
		};
		24338D652C07C33E00AF5610 /* Release */ = {
			isa = XCBuildConfiguration;
			buildSettings = {
				ALWAYS_EMBED_SWIFT_STANDARD_LIBRARIES = YES;
				CODE_SIGN_STYLE = Automatic;
				CURRENT_PROJECT_VERSION = 1;
				DEVELOPMENT_TEAM = HNYFM2CANQ;
				GENERATE_INFOPLIST_FILE = YES;
				MARKETING_VERSION = 1.0;
				PRODUCT_BUNDLE_IDENTIFIER = com.hangul.AlbYatirimUITests;
				PRODUCT_NAME = "$(TARGET_NAME)";
				SWIFT_EMIT_LOC_STRINGS = NO;
				SWIFT_VERSION = 5.0;
				TARGETED_DEVICE_FAMILY = "1,2";
				TEST_TARGET_NAME = AlbYatirim;
			};
			name = Release;
		};
/* End XCBuildConfiguration section */

/* Begin XCConfigurationList section */
		24338D2E2C07C32400AF5610 /* Build configuration list for PBXProject "AlbYatirim" */ = {
			isa = XCConfigurationList;
			buildConfigurations = (
				24338D5B2C07C33E00AF5610 /* Debug */,
				24338D5C2C07C33E00AF5610 /* Release */,
			);
			defaultConfigurationIsVisible = 0;
			defaultConfigurationName = Release;
		};
		24338D5D2C07C33E00AF5610 /* Build configuration list for PBXNativeTarget "AlbYatirim" */ = {
			isa = XCConfigurationList;
			buildConfigurations = (
				24338D5E2C07C33E00AF5610 /* Debug */,
				24338D5F2C07C33E00AF5610 /* Release */,
			);
			defaultConfigurationIsVisible = 0;
			defaultConfigurationName = Release;
		};
		24338D602C07C33E00AF5610 /* Build configuration list for PBXNativeTarget "AlbYatirimTests" */ = {
			isa = XCConfigurationList;
			buildConfigurations = (
				24338D612C07C33E00AF5610 /* Debug */,
				24338D622C07C33E00AF5610 /* Release */,
			);
			defaultConfigurationIsVisible = 0;
			defaultConfigurationName = Release;
		};
		24338D632C07C33E00AF5610 /* Build configuration list for PBXNativeTarget "AlbYatirimUITests" */ = {
			isa = XCConfigurationList;
			buildConfigurations = (
				24338D642C07C33E00AF5610 /* Debug */,
				24338D652C07C33E00AF5610 /* Release */,
			);
			defaultConfigurationIsVisible = 0;
			defaultConfigurationName = Release;
		};
/* End XCConfigurationList section */

/* Begin XCRemoteSwiftPackageReference section */
		243306412C0929C700709584 /* XCRemoteSwiftPackageReference "Kingfisher" */ = {
			isa = XCRemoteSwiftPackageReference;
			repositoryURL = "https://github.com/onevcat/Kingfisher.git";
			requirement = {
				kind = upToNextMajorVersion;
				minimumVersion = 7.11.0;
			};
		};
		24870A452C0807DE00A6A897 /* XCRemoteSwiftPackageReference "Alamofire" */ = {
			isa = XCRemoteSwiftPackageReference;
			repositoryURL = "https://github.com/Alamofire/Alamofire.git";
			requirement = {
				kind = upToNextMajorVersion;
				minimumVersion = 5.9.1;
			};
		};
/* End XCRemoteSwiftPackageReference section */

/* Begin XCSwiftPackageProductDependency section */
		243306422C0929C700709584 /* Kingfisher */ = {
			isa = XCSwiftPackageProductDependency;
			package = 243306412C0929C700709584 /* XCRemoteSwiftPackageReference "Kingfisher" */;
			productName = Kingfisher;
		};
		24870A462C0807DE00A6A897 /* Alamofire */ = {
			isa = XCSwiftPackageProductDependency;
			package = 24870A452C0807DE00A6A897 /* XCRemoteSwiftPackageReference "Alamofire" */;
			productName = Alamofire;
		};
/* End XCSwiftPackageProductDependency section */
	};
	rootObject = 24338D2B2C07C32400AF5610 /* Project object */;
}
